
Microsoft Visual Studio Solution File, Format Version 12.00
# Visual Studio Version 16
VisualStudioVersion = 16.0.28803.352
MinimumVisualStudioVersion = 10.0.40219.1
Project("{FAE04EC0-301F-11D3-BF4B-00C04F79EFBC}") = "La Vita e Bella", "La Vita e Bella.csproj", "{C1908FB1-3B14-4B91-A1C4-79196F0BA38F}"
EndProject
Global
	GlobalSection(SolutionConfigurationPlatforms) = preSolution
		Debug|Any CPU = Debug|Any CPU
		Release|Any CPU = Release|Any CPU
	EndGlobalSection
	GlobalSection(ProjectConfigurationPlatforms) = postSolution
		{C1908FB1-3B14-4B91-A1C4-79196F0BA38F}.Debug|Any CPU.ActiveCfg = Debug|Any CPU
		{C1908FB1-3B14-4B91-A1C4-79196F0BA38F}.Debug|Any CPU.Build.0 = Debug|Any CPU
		{C1908FB1-3B14-4B91-A1C4-79196F0BA38F}.Release|Any CPU.ActiveCfg = Release|Any CPU
		{C1908FB1-3B14-4B91-A1C4-79196F0BA38F}.Release|Any CPU.Build.0 = Release|Any CPU
	EndGlobalSection
	GlobalSection(SolutionProperties) = preSolution
		HideSolutionNode = FALSE
	EndGlobalSection
	GlobalSection(ExtensibilityGlobals) = postSolution
		SolutionGuid = {5DE87181-9050-4B81-8915-C4C82ED46F0B}
	EndGlobalSection
EndGlobal
